
Microsoft Visual Studio Solution File, Format Version 12.00
# Visual Studio Version 17
VisualStudioVersion = 17.4.33205.214
MinimumVisualStudioVersion = 10.0.40219.1
Project("{FAE04EC0-301F-11D3-BF4B-00C04F79EFBC}") = "WebConsoleApplication", "WebConsoleApplication.csproj", "{B1771C66-E0FB-4E92-9E38-833D16CA1EDA}"
EndProject
Global
	GlobalSection(SolutionConfigurationPlatforms) = preSolution
		Debug|Any CPU = Debug|Any CPU
		Release|Any CPU = Release|Any CPU
	EndGlobalSection
	GlobalSection(ProjectConfigurationPlatforms) = postSolution
		{B1771C66-E0FB-4E92-9E38-833D16CA1EDA}.Debug|Any CPU.ActiveCfg = Debug|Any CPU
		{B1771C66-E0FB-4E92-9E38-833D16CA1EDA}.Debug|Any CPU.Build.0 = Debug|Any CPU
		{B1771C66-E0FB-4E92-9E38-833D16CA1EDA}.Release|Any CPU.ActiveCfg = Release|Any CPU
		{B1771C66-E0FB-4E92-9E38-833D16CA1EDA}.Release|Any CPU.Build.0 = Release|Any CPU
	EndGlobalSection
	GlobalSection(SolutionProperties) = preSolution
		HideSolutionNode = FALSE
	EndGlobalSection
	GlobalSection(ExtensibilityGlobals) = postSolution
		SolutionGuid = {F78389FA-15C6-4262-A0F2-FAFC1A288D32}
	EndGlobalSection
EndGlobal
